<Solution>
  <Project Path="src/CleanArc.Domain/CleanArc.Domain.csproj" />
  <Project Path="src/CleanArc.Application/CleanArc.Application.csproj" />
  <Project Path="src/CleanArc.Infrastructure/CleanArc.Infrastructure.csproj" />
  <Project Path="CleanArc.Api/CleanArc.Api.csproj" />
  <Project Path="tests/CleanArc.Application.Tests/CleanArc.Application.Tests.csproj" />
</Solution>
